
Microsoft Visual Studio Solution File, Format Version 12.00
# Visual Studio Version 17
VisualStudioVersion = 17.10.34916.146
MinimumVisualStudioVersion = 10.0.40219.1
Project("{FAE04EC0-301F-11D3-BF4B-00C04F79EFBC}") = "Autenticacao.Api", "Autenticacao.Api\Autenticacao.Api.csproj", "{BFD31C7F-B055-4A87-8209-777661FD3A91}"
EndProject
Global
	GlobalSection(SolutionConfigurationPlatforms) = preSolution
		Debug|Any CPU = Debug|Any CPU
		Release|Any CPU = Release|Any CPU
	EndGlobalSection
	GlobalSection(ProjectConfigurationPlatforms) = postSolution
		{BFD31C7F-B055-4A87-8209-777661FD3A91}.Debug|Any CPU.ActiveCfg = Debug|Any CPU
		{BFD31C7F-B055-4A87-8209-777661FD3A91}.Debug|Any CPU.Build.0 = Debug|Any CPU
		{BFD31C7F-B055-4A87-8209-777661FD3A91}.Release|Any CPU.ActiveCfg = Release|Any CPU
		{BFD31C7F-B055-4A87-8209-777661FD3A91}.Release|Any CPU.Build.0 = Release|Any CPU
	EndGlobalSection
	GlobalSection(SolutionProperties) = preSolution
		HideSolutionNode = FALSE
	EndGlobalSection
	GlobalSection(ExtensibilityGlobals) = postSolution
		SolutionGuid = {FB31CA4D-1DDC-41D3-89AC-83527CA58A6C}
	EndGlobalSection
EndGlobal
